{
    "_readme": [
        "This file locks the dependencies of your project to a known state",
        "Read more about it at https://getcomposer.org/doc/01-basic-usage.md#composer-lock-the-lock-file",
        "This file is @generated automatically"
    ],
    "content-hash": "e71d795ca852a849e0151e51655df0b1",
    "packages": [
        {
            "name": "topthink/think-orm",
            "version": "0.2",
            "source": {
                "type": "git",
                "url": "https://github.com/top-think/think-orm.git",
                "reference": "558980dfcc159d54e3cb6b983e6892017adf7765"
            },
            "dist": {
                "type": "zip",
                "url": "https://files.phpcomposer.com/files/top-think/think-orm/558980dfcc159d54e3cb6b983e6892017adf7765.zip",
                "reference": "558980dfcc159d54e3cb6b983e6892017adf7765",
                "shasum": ""
            },
            "require": {
                "php": ">=5.6.0"
            },
            "type": "library",
            "autoload": {
                "psr-4": {
                    "think\\": "src"
                },
                "files": []
            },
            "notification-url": "https://packagist.org/downloads/",
            "license": [
                "Apache-2.0"
            ],
            "authors": [
                {
                    "name": "liu21st",
                    "email": "liu21st@gmail.com"
                }
            ],
            "description": "think orm",
            "time": "2017-10-27T07:57:28+00:00"
        }
    ],
    "packages-dev": [],
    "aliases": [],
    "minimum-stability": "stable",
    "stability-flags": [],
    "prefer-stable": false,
    "prefer-lowest": false,
    "platform": [],
    "platform-dev": []
}
